// !$*UTF8*$!
{
	archiveVersion = 1;
	classes = {
	};
	objectVersion = 55;
	objects = {

/* Begin PBXBuildFile section */
		4A691090285312A7001BD21B /* ConsumedItem+CoreDataClass.swift in Sources */ = {isa = PBXBuildFile; fileRef = 4A69108A285312A7001BD21B /* ConsumedItem+CoreDataClass.swift */; };
		4A691091285312A7001BD21B /* ConsumedItem+CoreDataProperties.swift in Sources */ = {isa = PBXBuildFile; fileRef = 4A69108B285312A7001BD21B /* ConsumedItem+CoreDataProperties.swift */; };
		4A691092285312A7001BD21B /* ConsumedCategory+CoreDataClass.swift in Sources */ = {isa = PBXBuildFile; fileRef = 4A69108C285312A7001BD21B /* ConsumedCategory+CoreDataClass.swift */; };
		4A691093285312A7001BD21B /* ConsumedCategory+CoreDataProperties.swift in Sources */ = {isa = PBXBuildFile; fileRef = 4A69108D285312A7001BD21B /* ConsumedCategory+CoreDataProperties.swift */; };
		4A691094285312A7001BD21B /* TargetItem+CoreDataClass.swift in Sources */ = {isa = PBXBuildFile; fileRef = 4A69108E285312A7001BD21B /* TargetItem+CoreDataClass.swift */; };
		4A691095285312A7001BD21B /* TargetItem+CoreDataProperties.swift in Sources */ = {isa = PBXBuildFile; fileRef = 4A69108F285312A7001BD21B /* TargetItem+CoreDataProperties.swift */; };
		4AB8094028557EE800C772D1 /* BudgetContentView.swift in Sources */ = {isa = PBXBuildFile; fileRef = 4AB8093C28557EE800C772D1 /* BudgetContentView.swift */; };
		4AB8094128557EE800C772D1 /* TargetContentView.swift in Sources */ = {isa = PBXBuildFile; fileRef = 4AB8093D28557EE800C772D1 /* TargetContentView.swift */; };
		4AB8094228557EE800C772D1 /* MainView.swift in Sources */ = {isa = PBXBuildFile; fileRef = 4AB8093E28557EE800C772D1 /* MainView.swift */; };
		4AB8094328557EE800C772D1 /* MainTitleView.swift in Sources */ = {isa = PBXBuildFile; fileRef = 4AB8093F28557EE800C772D1 /* MainTitleView.swift */; };
		4AEB76052852F32000EC85B9 /* MoasaApp.swift in Sources */ = {isa = PBXBuildFile; fileRef = 4AEB76042852F32000EC85B9 /* MoasaApp.swift */; };
		4AEB76092852F32100EC85B9 /* Assets.xcassets in Resources */ = {isa = PBXBuildFile; fileRef = 4AEB76082852F32100EC85B9 /* Assets.xcassets */; };
		4AEB760C2852F32100EC85B9 /* Preview Assets.xcassets in Resources */ = {isa = PBXBuildFile; fileRef = 4AEB760B2852F32100EC85B9 /* Preview Assets.xcassets */; };
		4AEB76112852F32100EC85B9 /* (null) in Sources */ = {isa = PBXBuildFile; };
		4AEB76192852F39500EC85B9 /* .swiftlint.yml in Resources */ = {isa = PBXBuildFile; fileRef = 4AEB76182852F39500EC85B9 /* .swiftlint.yml */; };
		9871F15B2855802D0077B058 /* Moasa.xcdatamodeld in Sources */ = {isa = PBXBuildFile; fileRef = 9871F1522855802D0077B058 /* Moasa.xcdatamodeld */; };
		9871F1642855843F0077B058 /* InitSettingView.swift in Sources */ = {isa = PBXBuildFile; fileRef = 9871F1632855843F0077B058 /* InitSettingView.swift */; };
		9871F1B92855C7310077B058 /* ImagePicker.swift in Sources */ = {isa = PBXBuildFile; fileRef = 9871F1B82855C7310077B058 /* ImagePicker.swift */; };
		DF65DD3E28545FBC00435F9E /* SettingView.swift in Sources */ = {isa = PBXBuildFile; fileRef = DF65DD3D28545FBC00435F9E /* SettingView.swift */; };
		DF65DD4028546AEC00435F9E /* ChangeSettingDetailView.swift in Sources */ = {isa = PBXBuildFile; fileRef = DF65DD3F28546AEC00435F9E /* ChangeSettingDetailView.swift */; };
		DF65DD422854966D00435F9E /* InitiateTargetSettingDetailView.swift in Sources */ = {isa = PBXBuildFile; fileRef = DF65DD412854966D00435F9E /* InitiateTargetSettingDetailView.swift */; };
		DF65DD442854A7FB00435F9E /* CategorySettingDetailView.swift in Sources */ = {isa = PBXBuildFile; fileRef = DF65DD432854A7FB00435F9E /* CategorySettingDetailView.swift */; };
		DF65DD462854EBA300435F9E /* Persistence.swift in Sources */ = {isa = PBXBuildFile; fileRef = DF65DD452854EBA300435F9E /* Persistence.swift */; };
/* End PBXBuildFile section */

/* Begin PBXFileReference section */
		4A69108A285312A7001BD21B /* ConsumedItem+CoreDataClass.swift */ = {isa = PBXFileReference; lastKnownFileType = sourcecode.swift; name = "ConsumedItem+CoreDataClass.swift"; path = "Moasa/Model/ConsumedItem+CoreDataClass.swift"; sourceTree = SOURCE_ROOT; };
		4A69108B285312A7001BD21B /* ConsumedItem+CoreDataProperties.swift */ = {isa = PBXFileReference; lastKnownFileType = sourcecode.swift; name = "ConsumedItem+CoreDataProperties.swift"; path = "Moasa/Model/ConsumedItem+CoreDataProperties.swift"; sourceTree = SOURCE_ROOT; };
		4A69108C285312A7001BD21B /* ConsumedCategory+CoreDataClass.swift */ = {isa = PBXFileReference; lastKnownFileType = sourcecode.swift; name = "ConsumedCategory+CoreDataClass.swift"; path = "Moasa/Model/ConsumedCategory+CoreDataClass.swift"; sourceTree = SOURCE_ROOT; };
		4A69108D285312A7001BD21B /* ConsumedCategory+CoreDataProperties.swift */ = {isa = PBXFileReference; lastKnownFileType = sourcecode.swift; name = "ConsumedCategory+CoreDataProperties.swift"; path = "Moasa/Model/ConsumedCategory+CoreDataProperties.swift"; sourceTree = SOURCE_ROOT; };
		4A69108E285312A7001BD21B /* TargetItem+CoreDataClass.swift */ = {isa = PBXFileReference; lastKnownFileType = sourcecode.swift; name = "TargetItem+CoreDataClass.swift"; path = "Moasa/Model/TargetItem+CoreDataClass.swift"; sourceTree = SOURCE_ROOT; };
		4A69108F285312A7001BD21B /* TargetItem+CoreDataProperties.swift */ = {isa = PBXFileReference; lastKnownFileType = sourcecode.swift; name = "TargetItem+CoreDataProperties.swift"; path = "Moasa/Model/TargetItem+CoreDataProperties.swift"; sourceTree = SOURCE_ROOT; };
		4AB8093C28557EE800C772D1 /* BudgetContentView.swift */ = {isa = PBXFileReference; fileEncoding = 4; lastKnownFileType = sourcecode.swift; path = BudgetContentView.swift; sourceTree = "<group>"; };
		4AB8093D28557EE800C772D1 /* TargetContentView.swift */ = {isa = PBXFileReference; fileEncoding = 4; lastKnownFileType = sourcecode.swift; path = TargetContentView.swift; sourceTree = "<group>"; };
		4AB8093E28557EE800C772D1 /* MainView.swift */ = {isa = PBXFileReference; fileEncoding = 4; lastKnownFileType = sourcecode.swift; path = MainView.swift; sourceTree = "<group>"; };
		4AB8093F28557EE800C772D1 /* MainTitleView.swift */ = {isa = PBXFileReference; fileEncoding = 4; lastKnownFileType = sourcecode.swift; path = MainTitleView.swift; sourceTree = "<group>"; };
		4AEB76012852F32000EC85B9 /* Moasa.app */ = {isa = PBXFileReference; explicitFileType = wrapper.application; includeInIndex = 0; path = Moasa.app; sourceTree = BUILT_PRODUCTS_DIR; };
		4AEB76042852F32000EC85B9 /* MoasaApp.swift */ = {isa = PBXFileReference; lastKnownFileType = sourcecode.swift; path = MoasaApp.swift; sourceTree = "<group>"; };
		4AEB76082852F32100EC85B9 /* Assets.xcassets */ = {isa = PBXFileReference; lastKnownFileType = folder.assetcatalog; path = Assets.xcassets; sourceTree = "<group>"; };
		4AEB760B2852F32100EC85B9 /* Preview Assets.xcassets */ = {isa = PBXFileReference; lastKnownFileType = folder.assetcatalog; path = "Preview Assets.xcassets"; sourceTree = "<group>"; };
		4AEB76182852F39500EC85B9 /* .swiftlint.yml */ = {isa = PBXFileReference; lastKnownFileType = text.yaml; path = .swiftlint.yml; sourceTree = "<group>"; };
		9871F1532855802D0077B058 /* Moasa.xcdatamodel */ = {isa = PBXFileReference; lastKnownFileType = wrapper.xcdatamodel; path = Moasa.xcdatamodel; sourceTree = "<group>"; };
		9871F1632855843F0077B058 /* InitSettingView.swift */ = {isa = PBXFileReference; lastKnownFileType = sourcecode.swift; path = InitSettingView.swift; sourceTree = "<group>"; };
		9871F1B82855C7310077B058 /* ImagePicker.swift */ = {isa = PBXFileReference; fileEncoding = 4; lastKnownFileType = sourcecode.swift; path = ImagePicker.swift; sourceTree = "<group>"; };
		DF65DD3D28545FBC00435F9E /* SettingView.swift */ = {isa = PBXFileReference; lastKnownFileType = sourcecode.swift; path = SettingView.swift; sourceTree = "<group>"; };
		DF65DD3F28546AEC00435F9E /* ChangeSettingDetailView.swift */ = {isa = PBXFileReference; lastKnownFileType = sourcecode.swift; path = ChangeSettingDetailView.swift; sourceTree = "<group>"; };
		DF65DD412854966D00435F9E /* InitiateTargetSettingDetailView.swift */ = {isa = PBXFileReference; lastKnownFileType = sourcecode.swift; path = InitiateTargetSettingDetailView.swift; sourceTree = "<group>"; };
		DF65DD432854A7FB00435F9E /* CategorySettingDetailView.swift */ = {isa = PBXFileReference; lastKnownFileType = sourcecode.swift; path = CategorySettingDetailView.swift; sourceTree = "<group>"; };
		DF65DD452854EBA300435F9E /* Persistence.swift */ = {isa = PBXFileReference; lastKnownFileType = sourcecode.swift; path = Persistence.swift; sourceTree = "<group>"; };
/* End PBXFileReference section */

/* Begin PBXFrameworksBuildPhase section */
		4AEB75FE2852F32000EC85B9 /* Frameworks */ = {
			isa = PBXFrameworksBuildPhase;
			buildActionMask = 2147483647;
			files = (
			);
			runOnlyForDeploymentPostprocessing = 0;
		};
/* End PBXFrameworksBuildPhase section */

/* Begin PBXGroup section */
		4A69108028530ABF001BD21B /* Model */ = {
			isa = PBXGroup;
			children = (
				9871F1522855802D0077B058 /* Moasa.xcdatamodeld */,
				4A69108A285312A7001BD21B /* ConsumedItem+CoreDataClass.swift */,
				4A69108B285312A7001BD21B /* ConsumedItem+CoreDataProperties.swift */,
				4A69108C285312A7001BD21B /* ConsumedCategory+CoreDataClass.swift */,
				4A69108D285312A7001BD21B /* ConsumedCategory+CoreDataProperties.swift */,
				4A69108E285312A7001BD21B /* TargetItem+CoreDataClass.swift */,
				4A69108F285312A7001BD21B /* TargetItem+CoreDataProperties.swift */,
				DF65DD452854EBA300435F9E /* Persistence.swift */,
			);
			path = Model;
			sourceTree = "<group>";
		};
		4A69108128530AFF001BD21B /* View */ = {
			isa = PBXGroup;
			children = (
				9871F1632855843F0077B058 /* InitSettingView.swift */,
				4AB8093E28557EE800C772D1 /* MainView.swift */,
				DF65DD3D28545FBC00435F9E /* SettingView.swift */,
			);
			path = View;
			sourceTree = "<group>";
		};
		4AB8094428557F1A00C772D1 /* Component */ = {
			isa = PBXGroup;
			children = (
				4AB8093C28557EE800C772D1 /* BudgetContentView.swift */,
				4AB8093D28557EE800C772D1 /* TargetContentView.swift */,
				4AB8093F28557EE800C772D1 /* MainTitleView.swift */,
				DF65DD3F28546AEC00435F9E /* ChangeSettingDetailView.swift */,
				DF65DD432854A7FB00435F9E /* CategorySettingDetailView.swift */,
				DF65DD412854966D00435F9E /* InitiateTargetSettingDetailView.swift */,
			);
			path = Component;
			sourceTree = "<group>";
		};
		4AEB75F82852F32000EC85B9 = {
			isa = PBXGroup;
			children = (
				4AEB76182852F39500EC85B9 /* .swiftlint.yml */,
				4AEB76032852F32000EC85B9 /* Moasa */,
				4AEB76022852F32000EC85B9 /* Products */,
			);
			sourceTree = "<group>";
		};
		4AEB76022852F32000EC85B9 /* Products */ = {
			isa = PBXGroup;
			children = (
				4AEB76012852F32000EC85B9 /* Moasa.app */,
			);
			name = Products;
			sourceTree = "<group>";
		};
		4AEB76032852F32000EC85B9 /* Moasa */ = {
			isa = PBXGroup;
			children = (
				4AEB76082852F32100EC85B9 /* Assets.xcassets */,
				4AEB76042852F32000EC85B9 /* MoasaApp.swift */,
				9871F1B82855C7310077B058 /* ImagePicker.swift */,
				4A69108128530AFF001BD21B /* View */,
				4AB8094428557F1A00C772D1 /* Component */,
				4A69108028530ABF001BD21B /* Model */,
				4AEB760A2852F32100EC85B9 /* Preview Content */,
			);
			path = Moasa;
			sourceTree = "<group>";
		};
		4AEB760A2852F32100EC85B9 /* Preview Content */ = {
			isa = PBXGroup;
			children = (
				4AEB760B2852F32100EC85B9 /* Preview Assets.xcassets */,
			);
			path = "Preview Content";
			sourceTree = "<group>";
		};
/* End PBXGroup section */

/* Begin PBXNativeTarget section */
		4AEB76002852F32000EC85B9 /* Moasa */ = {
			isa = PBXNativeTarget;
			buildConfigurationList = 4AEB76142852F32100EC85B9 /* Build configuration list for PBXNativeTarget "Moasa" */;
			buildPhases = (
				4AEB75FD2852F32000EC85B9 /* Sources */,
				4AEB75FE2852F32000EC85B9 /* Frameworks */,
				4AEB75FF2852F32000EC85B9 /* Resources */,
				4AEB76172852F35E00EC85B9 /* ShellScript */,
			);
			buildRules = (
			);
			dependencies = (
			);
			name = Moasa;
			productName = Moasa;
			productReference = 4AEB76012852F32000EC85B9 /* Moasa.app */;
			productType = "com.apple.product-type.application";
		};
/* End PBXNativeTarget section */

/* Begin PBXProject section */
		4AEB75F92852F32000EC85B9 /* Project object */ = {
			isa = PBXProject;
			attributes = {
				BuildIndependentTargetsInParallel = 1;
				LastSwiftUpdateCheck = 1340;
				LastUpgradeCheck = 1340;
				TargetAttributes = {
					4AEB76002852F32000EC85B9 = {
						CreatedOnToolsVersion = 13.4.1;
					};
				};
			};
			buildConfigurationList = 4AEB75FC2852F32000EC85B9 /* Build configuration list for PBXProject "Moasa" */;
			compatibilityVersion = "Xcode 13.0";
			developmentRegion = en;
			hasScannedForEncodings = 0;
			knownRegions = (
				en,
				Base,
			);
			mainGroup = 4AEB75F82852F32000EC85B9;
			productRefGroup = 4AEB76022852F32000EC85B9 /* Products */;
			projectDirPath = "";
			projectRoot = "";
			targets = (
				4AEB76002852F32000EC85B9 /* Moasa */,
			);
		};
/* End PBXProject section */

/* Begin PBXResourcesBuildPhase section */
		4AEB75FF2852F32000EC85B9 /* Resources */ = {
			isa = PBXResourcesBuildPhase;
			buildActionMask = 2147483647;
			files = (
				4AEB76192852F39500EC85B9 /* .swiftlint.yml in Resources */,
				4AEB760C2852F32100EC85B9 /* Preview Assets.xcassets in Resources */,
				4AEB76092852F32100EC85B9 /* Assets.xcassets in Resources */,
			);
			runOnlyForDeploymentPostprocessing = 0;
		};
/* End PBXResourcesBuildPhase section */

/* Begin PBXShellScriptBuildPhase section */
		4AEB76172852F35E00EC85B9 /* ShellScript */ = {
			isa = PBXShellScriptBuildPhase;
			buildActionMask = 2147483647;
			files = (
			);
			inputFileListPaths = (
			);
			inputPaths = (
			);
			outputFileListPaths = (
			);
			outputPaths = (
			);
			runOnlyForDeploymentPostprocessing = 0;
			shellPath = /bin/sh;
			shellScript = "export PATH=\"$PATH:/opt/homebrew/bin\"\nif which swiftlint > /dev/null; then\n  swiftlint\nelse\n  echo \"warning: SwiftLint not installed, download from https://github.com/realm/SwiftLint\"\nfi\n";
		};
/* End PBXShellScriptBuildPhase section */

/* Begin PBXSourcesBuildPhase section */
		4AEB75FD2852F32000EC85B9 /* Sources */ = {
			isa = PBXSourcesBuildPhase;
			buildActionMask = 2147483647;
			files = (
				9871F1B92855C7310077B058 /* ImagePicker.swift in Sources */,
				9871F15B2855802D0077B058 /* Moasa.xcdatamodeld in Sources */,
				4AEB76052852F32000EC85B9 /* MoasaApp.swift in Sources */,
				9871F1642855843F0077B058 /* InitSettingView.swift in Sources */,
				4AB8094328557EE800C772D1 /* MainTitleView.swift in Sources */,
				4A691090285312A7001BD21B /* ConsumedItem+CoreDataClass.swift in Sources */,
				DF65DD3E28545FBC00435F9E /* SettingView.swift in Sources */,
				DF65DD422854966D00435F9E /* InitiateTargetSettingDetailView.swift in Sources */,
				4A691095285312A7001BD21B /* TargetItem+CoreDataProperties.swift in Sources */,
				4A691091285312A7001BD21B /* ConsumedItem+CoreDataProperties.swift in Sources */,
				4AB8094028557EE800C772D1 /* BudgetContentView.swift in Sources */,
				DF65DD442854A7FB00435F9E /* CategorySettingDetailView.swift in Sources */,
				4AEB76052852F32000EC85B9 /* MoasaApp.swift in Sources */,
				DF65DD462854EBA300435F9E /* Persistence.swift in Sources */,
				DF65DD4028546AEC00435F9E /* ChangeSettingDetailView.swift in Sources */,
				4AB8094228557EE800C772D1 /* MainView.swift in Sources */,
				4AEB76112852F32100EC85B9 /* (null) in Sources */,
				4A691092285312A7001BD21B /* ConsumedCategory+CoreDataClass.swift in Sources */,
				4A691093285312A7001BD21B /* ConsumedCategory+CoreDataProperties.swift in Sources */,
				4A691094285312A7001BD21B /* TargetItem+CoreDataClass.swift in Sources */,
				4AB8094128557EE800C772D1 /* TargetContentView.swift in Sources */,
			);
			runOnlyForDeploymentPostprocessing = 0;
		};
/* End PBXSourcesBuildPhase section */

/* Begin XCBuildConfiguration section */
		4AEB76122852F32100EC85B9 /* Debug */ = {
			isa = XCBuildConfiguration;
			buildSettings = {
				ALWAYS_SEARCH_USER_PATHS = NO;
				CLANG_ANALYZER_NONNULL = YES;
				CLANG_ANALYZER_NUMBER_OBJECT_CONVERSION = YES_AGGRESSIVE;
				CLANG_CXX_LANGUAGE_STANDARD = "gnu++17";
				CLANG_ENABLE_MODULES = YES;
				CLANG_ENABLE_OBJC_ARC = YES;
				CLANG_ENABLE_OBJC_WEAK = YES;
				CLANG_WARN_BLOCK_CAPTURE_AUTORELEASING = YES;
				CLANG_WARN_BOOL_CONVERSION = YES;
				CLANG_WARN_COMMA = YES;
				CLANG_WARN_CONSTANT_CONVERSION = YES;
				CLANG_WARN_DEPRECATED_OBJC_IMPLEMENTATIONS = YES;
				CLANG_WARN_DIRECT_OBJC_ISA_USAGE = YES_ERROR;
				CLANG_WARN_DOCUMENTATION_COMMENTS = YES;
				CLANG_WARN_EMPTY_BODY = YES;
				CLANG_WARN_ENUM_CONVERSION = YES;
				CLANG_WARN_INFINITE_RECURSION = YES;
				CLANG_WARN_INT_CONVERSION = YES;
				CLANG_WARN_NON_LITERAL_NULL_CONVERSION = YES;
				CLANG_WARN_OBJC_IMPLICIT_RETAIN_SELF = YES;
				CLANG_WARN_OBJC_LITERAL_CONVERSION = YES;
				CLANG_WARN_OBJC_ROOT_CLASS = YES_ERROR;
				CLANG_WARN_QUOTED_INCLUDE_IN_FRAMEWORK_HEADER = YES;
				CLANG_WARN_RANGE_LOOP_ANALYSIS = YES;
				CLANG_WARN_STRICT_PROTOTYPES = YES;
				CLANG_WARN_SUSPICIOUS_MOVE = YES;
				CLANG_WARN_UNGUARDED_AVAILABILITY = YES_AGGRESSIVE;
				CLANG_WARN_UNREACHABLE_CODE = YES;
				CLANG_WARN__DUPLICATE_METHOD_MATCH = YES;
				COPY_PHASE_STRIP = NO;
				DEBUG_INFORMATION_FORMAT = dwarf;
				ENABLE_STRICT_OBJC_MSGSEND = YES;
				ENABLE_TESTABILITY = YES;
				GCC_C_LANGUAGE_STANDARD = gnu11;
				GCC_DYNAMIC_NO_PIC = NO;
				GCC_NO_COMMON_BLOCKS = YES;
				GCC_OPTIMIZATION_LEVEL = 0;
				GCC_PREPROCESSOR_DEFINITIONS = (
					"DEBUG=1",
					"$(inherited)",
				);
				GCC_WARN_64_TO_32_BIT_CONVERSION = YES;
				GCC_WARN_ABOUT_RETURN_TYPE = YES_ERROR;
				GCC_WARN_UNDECLARED_SELECTOR = YES;
				GCC_WARN_UNINITIALIZED_AUTOS = YES_AGGRESSIVE;
				GCC_WARN_UNUSED_FUNCTION = YES;
				GCC_WARN_UNUSED_VARIABLE = YES;
				IPHONEOS_DEPLOYMENT_TARGET = 15.5;
				MTL_ENABLE_DEBUG_INFO = INCLUDE_SOURCE;
				MTL_FAST_MATH = YES;
				ONLY_ACTIVE_ARCH = YES;
				SDKROOT = iphoneos;
				SWIFT_ACTIVE_COMPILATION_CONDITIONS = DEBUG;
				SWIFT_OPTIMIZATION_LEVEL = "-Onone";
			};
			name = Debug;
		};
		4AEB76132852F32100EC85B9 /* Release */ = {
			isa = XCBuildConfiguration;
			buildSettings = {
				ALWAYS_SEARCH_USER_PATHS = NO;
				CLANG_ANALYZER_NONNULL = YES;
				CLANG_ANALYZER_NUMBER_OBJECT_CONVERSION = YES_AGGRESSIVE;
				CLANG_CXX_LANGUAGE_STANDARD = "gnu++17";
				CLANG_ENABLE_MODULES = YES;
				CLANG_ENABLE_OBJC_ARC = YES;
				CLANG_ENABLE_OBJC_WEAK = YES;
				CLANG_WARN_BLOCK_CAPTURE_AUTORELEASING = YES;
				CLANG_WARN_BOOL_CONVERSION = YES;
				CLANG_WARN_COMMA = YES;
				CLANG_WARN_CONSTANT_CONVERSION = YES;
				CLANG_WARN_DEPRECATED_OBJC_IMPLEMENTATIONS = YES;
				CLANG_WARN_DIRECT_OBJC_ISA_USAGE = YES_ERROR;
				CLANG_WARN_DOCUMENTATION_COMMENTS = YES;
				CLANG_WARN_EMPTY_BODY = YES;
				CLANG_WARN_ENUM_CONVERSION = YES;
				CLANG_WARN_INFINITE_RECURSION = YES;
				CLANG_WARN_INT_CONVERSION = YES;
				CLANG_WARN_NON_LITERAL_NULL_CONVERSION = YES;
				CLANG_WARN_OBJC_IMPLICIT_RETAIN_SELF = YES;
				CLANG_WARN_OBJC_LITERAL_CONVERSION = YES;
				CLANG_WARN_OBJC_ROOT_CLASS = YES_ERROR;
				CLANG_WARN_QUOTED_INCLUDE_IN_FRAMEWORK_HEADER = YES;
				CLANG_WARN_RANGE_LOOP_ANALYSIS = YES;
				CLANG_WARN_STRICT_PROTOTYPES = YES;
				CLANG_WARN_SUSPICIOUS_MOVE = YES;
				CLANG_WARN_UNGUARDED_AVAILABILITY = YES_AGGRESSIVE;
				CLANG_WARN_UNREACHABLE_CODE = YES;
				CLANG_WARN__DUPLICATE_METHOD_MATCH = YES;
				COPY_PHASE_STRIP = NO;
				DEBUG_INFORMATION_FORMAT = "dwarf-with-dsym";
				ENABLE_NS_ASSERTIONS = NO;
				ENABLE_STRICT_OBJC_MSGSEND = YES;
				GCC_C_LANGUAGE_STANDARD = gnu11;
				GCC_NO_COMMON_BLOCKS = YES;
				GCC_WARN_64_TO_32_BIT_CONVERSION = YES;
				GCC_WARN_ABOUT_RETURN_TYPE = YES_ERROR;
				GCC_WARN_UNDECLARED_SELECTOR = YES;
				GCC_WARN_UNINITIALIZED_AUTOS = YES_AGGRESSIVE;
				GCC_WARN_UNUSED_FUNCTION = YES;
				GCC_WARN_UNUSED_VARIABLE = YES;
				IPHONEOS_DEPLOYMENT_TARGET = 15.5;
				MTL_ENABLE_DEBUG_INFO = NO;
				MTL_FAST_MATH = YES;
				SDKROOT = iphoneos;
				SWIFT_COMPILATION_MODE = wholemodule;
				SWIFT_OPTIMIZATION_LEVEL = "-O";
				VALIDATE_PRODUCT = YES;
			};
			name = Release;
		};
		4AEB76152852F32100EC85B9 /* Debug */ = {
			isa = XCBuildConfiguration;
			buildSettings = {
				ASSETCATALOG_COMPILER_APPICON_NAME = AppIcon;
				ASSETCATALOG_COMPILER_GLOBAL_ACCENT_COLOR_NAME = AccentColor;
				CODE_SIGN_STYLE = Automatic;
				CURRENT_PROJECT_VERSION = 1;
				DEVELOPMENT_ASSET_PATHS = "\"Moasa/Preview Content\"";
				ENABLE_PREVIEWS = YES;
				GENERATE_INFOPLIST_FILE = YES;
				INFOPLIST_KEY_UIApplicationSceneManifest_Generation = YES;
				INFOPLIST_KEY_UIApplicationSupportsIndirectInputEvents = YES;
				INFOPLIST_KEY_UILaunchScreen_Generation = YES;
				INFOPLIST_KEY_UISupportedInterfaceOrientations_iPad = "UIInterfaceOrientationPortrait UIInterfaceOrientationPortraitUpsideDown UIInterfaceOrientationLandscapeLeft UIInterfaceOrientationLandscapeRight";
				INFOPLIST_KEY_UISupportedInterfaceOrientations_iPhone = "UIInterfaceOrientationPortrait UIInterfaceOrientationLandscapeLeft UIInterfaceOrientationLandscapeRight";
				IPHONEOS_DEPLOYMENT_TARGET = 15.5;
				LD_RUNPATH_SEARCH_PATHS = (
					"$(inherited)",
					"@executable_path/Frameworks",
				);
				MARKETING_VERSION = 1.0;
				PRODUCT_BUNDLE_IDENTIFIER = NEW2KM.Moasa;
				PRODUCT_NAME = "$(TARGET_NAME)";
				SWIFT_EMIT_LOC_STRINGS = YES;
				SWIFT_VERSION = 5.0;
				TARGETED_DEVICE_FAMILY = "1,2";
			};
			name = Debug;
		};
		4AEB76162852F32100EC85B9 /* Release */ = {
			isa = XCBuildConfiguration;
			buildSettings = {
				ASSETCATALOG_COMPILER_APPICON_NAME = AppIcon;
				ASSETCATALOG_COMPILER_GLOBAL_ACCENT_COLOR_NAME = AccentColor;
				CODE_SIGN_STYLE = Automatic;
				CURRENT_PROJECT_VERSION = 1;
				DEVELOPMENT_ASSET_PATHS = "\"Moasa/Preview Content\"";
				ENABLE_PREVIEWS = YES;
				GENERATE_INFOPLIST_FILE = YES;
				INFOPLIST_KEY_UIApplicationSceneManifest_Generation = YES;
				INFOPLIST_KEY_UIApplicationSupportsIndirectInputEvents = YES;
				INFOPLIST_KEY_UILaunchScreen_Generation = YES;
				INFOPLIST_KEY_UISupportedInterfaceOrientations_iPad = "UIInterfaceOrientationPortrait UIInterfaceOrientationPortraitUpsideDown UIInterfaceOrientationLandscapeLeft UIInterfaceOrientationLandscapeRight";
				INFOPLIST_KEY_UISupportedInterfaceOrientations_iPhone = "UIInterfaceOrientationPortrait UIInterfaceOrientationLandscapeLeft UIInterfaceOrientationLandscapeRight";
				IPHONEOS_DEPLOYMENT_TARGET = 15.5;
				LD_RUNPATH_SEARCH_PATHS = (
					"$(inherited)",
					"@executable_path/Frameworks",
				);
				MARKETING_VERSION = 1.0;
				PRODUCT_BUNDLE_IDENTIFIER = NEW2KM.Moasa;
				PRODUCT_NAME = "$(TARGET_NAME)";
				SWIFT_EMIT_LOC_STRINGS = YES;
				SWIFT_VERSION = 5.0;
				TARGETED_DEVICE_FAMILY = "1,2";
			};
			name = Release;
		};
/* End XCBuildConfiguration section */

/* Begin XCConfigurationList section */
		4AEB75FC2852F32000EC85B9 /* Build configuration list for PBXProject "Moasa" */ = {
			isa = XCConfigurationList;
			buildConfigurations = (
				4AEB76122852F32100EC85B9 /* Debug */,
				4AEB76132852F32100EC85B9 /* Release */,
			);
			defaultConfigurationIsVisible = 0;
			defaultConfigurationName = Release;
		};
		4AEB76142852F32100EC85B9 /* Build configuration list for PBXNativeTarget "Moasa" */ = {
			isa = XCConfigurationList;
			buildConfigurations = (
				4AEB76152852F32100EC85B9 /* Debug */,
				4AEB76162852F32100EC85B9 /* Release */,
			);
			defaultConfigurationIsVisible = 0;
			defaultConfigurationName = Release;
		};
/* End XCConfigurationList section */

/* Begin XCVersionGroup section */
		9871F1522855802D0077B058 /* Moasa.xcdatamodeld */ = {
			isa = XCVersionGroup;
			children = (
				9871F1532855802D0077B058 /* Moasa.xcdatamodel */,
			);
			currentVersion = 9871F1532855802D0077B058 /* Moasa.xcdatamodel */;
			path = Moasa.xcdatamodeld;
			sourceTree = "<group>";
			versionGroupType = wrapper.xcdatamodel;
		};
/* End XCVersionGroup section */
	};
	rootObject = 4AEB75F92852F32000EC85B9 /* Project object */;
}
