// !$*UTF8*$!
{
	archiveVersion = 1;
	classes = {
	};
	objectVersion = 55;
	objects = {

/* Begin PBXBuildFile section */
		4A040FEF2857593000DA507E /* Date+Extension.swift in Sources */ = {isa = PBXBuildFile; fileRef = 4A040FEE2857593000DA507E /* Date+Extension.swift */; };
		4A3640ED2856B8A40032A90A /* Color+Extension.swift in Sources */ = {isa = PBXBuildFile; fileRef = 4A3640EC2856B8A40032A90A /* Color+Extension.swift */; };
		4A36413A2856E2200032A90A /* Keyboard+Extension.swift in Sources */ = {isa = PBXBuildFile; fileRef = 4A3641392856E2200032A90A /* Keyboard+Extension.swift */; };
		4A36413C2856E2320032A90A /* Number+Extension.swift in Sources */ = {isa = PBXBuildFile; fileRef = 4A36413B2856E2320032A90A /* Number+Extension.swift */; };
		4A67A1C2285AB92D00B4F56F /* ConsumedItem.swift in Sources */ = {isa = PBXBuildFile; fileRef = 4A67A1C1285AB92D00B4F56F /* ConsumedItem.swift */; };
		4A67A1C4285ABA1500B4F56F /* ConsumedCategory.swift in Sources */ = {isa = PBXBuildFile; fileRef = 4A67A1C3285ABA1500B4F56F /* ConsumedCategory.swift */; };
		4A67A1C6285ABAD000B4F56F /* TargetItem.swift in Sources */ = {isa = PBXBuildFile; fileRef = 4A67A1C5285ABAD000B4F56F /* TargetItem.swift */; };
		4A67A1CB285ABEF900B4F56F /* Items.swift in Sources */ = {isa = PBXBuildFile; fileRef = 4A67A1CA285ABEF900B4F56F /* Items.swift */; };
		4A67A1CD285AC06400B4F56F /* getDocumentDirectory.swift in Sources */ = {isa = PBXBuildFile; fileRef = 4A67A1CC285AC06400B4F56F /* getDocumentDirectory.swift */; };
		4A67A1D4285AD44400B4F56F /* HalfASheet in Frameworks */ = {isa = PBXBuildFile; productRef = 4A67A1D3285AD44400B4F56F /* HalfASheet */; };
		4A67A1D8285AE20000B4F56F /* getIcon.swift in Sources */ = {isa = PBXBuildFile; fileRef = 4A67A1D7285AE20000B4F56F /* getIcon.swift */; };
		4A67A1DA285B0FA500B4F56F /* getPercentInt.swift in Sources */ = {isa = PBXBuildFile; fileRef = 4A67A1D9285B0FA500B4F56F /* getPercentInt.swift */; };
		4A8C5242285852C4007CE4F1 /* funcPointer.swift in Sources */ = {isa = PBXBuildFile; fileRef = 4A8C5241285852C4007CE4F1 /* funcPointer.swift */; };
		4AB8094028557EE800C772D1 /* BudgetContentView.swift in Sources */ = {isa = PBXBuildFile; fileRef = 4AB8093C28557EE800C772D1 /* BudgetContentView.swift */; };
		4AB8094128557EE800C772D1 /* TargetContentView.swift in Sources */ = {isa = PBXBuildFile; fileRef = 4AB8093D28557EE800C772D1 /* TargetContentView.swift */; };
		4AB8094328557EE800C772D1 /* MainTitleView.swift in Sources */ = {isa = PBXBuildFile; fileRef = 4AB8093F28557EE800C772D1 /* MainTitleView.swift */; };
		4AB809482855E88C00C772D1 /* MainView.swift in Sources */ = {isa = PBXBuildFile; fileRef = 4AB809472855E88B00C772D1 /* MainView.swift */; };
		4AB8094A2855E8A200C772D1 /* SettingView.swift in Sources */ = {isa = PBXBuildFile; fileRef = 4AB809492855E8A200C772D1 /* SettingView.swift */; };
		4AEB76052852F32000EC85B9 /* MoasaApp.swift in Sources */ = {isa = PBXBuildFile; fileRef = 4AEB76042852F32000EC85B9 /* MoasaApp.swift */; };
		4AEB76092852F32100EC85B9 /* Assets.xcassets in Resources */ = {isa = PBXBuildFile; fileRef = 4AEB76082852F32100EC85B9 /* Assets.xcassets */; };
		4AEB760C2852F32100EC85B9 /* Preview Assets.xcassets in Resources */ = {isa = PBXBuildFile; fileRef = 4AEB760B2852F32100EC85B9 /* Preview Assets.xcassets */; };
		4AEB76112852F32100EC85B9 /* (null) in Sources */ = {isa = PBXBuildFile; };
		4AEB76192852F39500EC85B9 /* .swiftlint.yml in Resources */ = {isa = PBXBuildFile; fileRef = 4AEB76182852F39500EC85B9 /* .swiftlint.yml */; };
		7B1B206E285AD4ED00262552 /* CycleEndView.swift in Sources */ = {isa = PBXBuildFile; fileRef = 7B1B206D285AD4ED00262552 /* CycleEndView.swift */; };
		9803A34E2858A7B200EE4B0A /* NewInitSettingView.swift in Sources */ = {isa = PBXBuildFile; fileRef = 9803A34D2858A7B200EE4B0A /* NewInitSettingView.swift */; };
		9803A3502858ACD200EE4B0A /* ConsumedLimitView.swift in Sources */ = {isa = PBXBuildFile; fileRef = 9803A34F2858ACD200EE4B0A /* ConsumedLimitView.swift */; };
		9871F1B92855C7310077B058 /* ImagePicker.swift in Sources */ = {isa = PBXBuildFile; fileRef = 9871F1B82855C7310077B058 /* ImagePicker.swift */; };
		CF3A011E28575C7B002A2C80 /* SearchBarView.swift in Sources */ = {isa = PBXBuildFile; fileRef = CF3A011D28575C7B002A2C80 /* SearchBarView.swift */; };
		CF4697B8285C47C100E297CE /* addDate.swift in Sources */ = {isa = PBXBuildFile; fileRef = CF4697B7285C47C100E297CE /* addDate.swift */; };
		CF4697BA285C4BBD00E297CE /* DetailPriceListView.swift in Sources */ = {isa = PBXBuildFile; fileRef = CF4697B9285C4BBD00E297CE /* DetailPriceListView.swift */; };
		CF53EAF9285C59CB00EBB907 /* DetailNothing.swift in Sources */ = {isa = PBXBuildFile; fileRef = CF53EAF8285C59CB00EBB907 /* DetailNothing.swift */; };
		CF5FF4D12856CC18004FB062 /* DetailBlockDateView.swift in Sources */ = {isa = PBXBuildFile; fileRef = CF5FF4D02856CC18004FB062 /* DetailBlockDateView.swift */; };
		CF5FF4D32856CC23004FB062 /* DetailListView.swift in Sources */ = {isa = PBXBuildFile; fileRef = CF5FF4D22856CC23004FB062 /* DetailListView.swift */; };
		CF5FF4D52856CC2A004FB062 /* DetailView.swift in Sources */ = {isa = PBXBuildFile; fileRef = CF5FF4D42856CC2A004FB062 /* DetailView.swift */; };
		CF5FF4D92856CC3B004FB062 /* CircleWaveView.swift in Sources */ = {isa = PBXBuildFile; fileRef = CF5FF4D82856CC3B004FB062 /* CircleWaveView.swift */; };
		CF5FF4DB2856CC4F004FB062 /* dateFormatter.swift in Sources */ = {isa = PBXBuildFile; fileRef = CF5FF4DA2856CC4F004FB062 /* dateFormatter.swift */; };
		CFFCDA45285D967100DDF7D6 /* InputDetail in Resources */ = {isa = PBXBuildFile; fileRef = CFFCDA44285D967100DDF7D6 /* InputDetail */; };
		DF65DD4028546AEC00435F9E /* ChangeSettingDetailView.swift in Sources */ = {isa = PBXBuildFile; fileRef = DF65DD3F28546AEC00435F9E /* ChangeSettingDetailView.swift */; };
		DF65DD422854966D00435F9E /* InitiateTargetSettingDetailView.swift in Sources */ = {isa = PBXBuildFile; fileRef = DF65DD412854966D00435F9E /* InitiateTargetSettingDetailView.swift */; };
		DF65DD442854A7FB00435F9E /* CategorySettingDetailView.swift in Sources */ = {isa = PBXBuildFile; fileRef = DF65DD432854A7FB00435F9E /* CategorySettingDetailView.swift */; };
/* End PBXBuildFile section */

/* Begin PBXFileReference section */
		4A040FEE2857593000DA507E /* Date+Extension.swift */ = {isa = PBXFileReference; lastKnownFileType = sourcecode.swift; path = "Date+Extension.swift"; sourceTree = "<group>"; };
		4A3640EC2856B8A40032A90A /* Color+Extension.swift */ = {isa = PBXFileReference; lastKnownFileType = sourcecode.swift; path = "Color+Extension.swift"; sourceTree = "<group>"; };
		4A3641392856E2200032A90A /* Keyboard+Extension.swift */ = {isa = PBXFileReference; lastKnownFileType = sourcecode.swift; path = "Keyboard+Extension.swift"; sourceTree = "<group>"; };
		4A36413B2856E2320032A90A /* Number+Extension.swift */ = {isa = PBXFileReference; lastKnownFileType = sourcecode.swift; path = "Number+Extension.swift"; sourceTree = "<group>"; };
		4A67A1C1285AB92D00B4F56F /* ConsumedItem.swift */ = {isa = PBXFileReference; lastKnownFileType = sourcecode.swift; path = ConsumedItem.swift; sourceTree = "<group>"; };
		4A67A1C3285ABA1500B4F56F /* ConsumedCategory.swift */ = {isa = PBXFileReference; lastKnownFileType = sourcecode.swift; path = ConsumedCategory.swift; sourceTree = "<group>"; };
		4A67A1C5285ABAD000B4F56F /* TargetItem.swift */ = {isa = PBXFileReference; lastKnownFileType = sourcecode.swift; path = TargetItem.swift; sourceTree = "<group>"; };
		4A67A1CA285ABEF900B4F56F /* Items.swift */ = {isa = PBXFileReference; lastKnownFileType = sourcecode.swift; path = Items.swift; sourceTree = "<group>"; };
		4A67A1CC285AC06400B4F56F /* getDocumentDirectory.swift */ = {isa = PBXFileReference; lastKnownFileType = sourcecode.swift; path = getDocumentDirectory.swift; sourceTree = "<group>"; };
		4A67A1D7285AE20000B4F56F /* getIcon.swift */ = {isa = PBXFileReference; lastKnownFileType = sourcecode.swift; path = getIcon.swift; sourceTree = "<group>"; };
		4A67A1D9285B0FA500B4F56F /* getPercentInt.swift */ = {isa = PBXFileReference; fileEncoding = 4; lastKnownFileType = sourcecode.swift; path = getPercentInt.swift; sourceTree = "<group>"; };
		4A8C5241285852C4007CE4F1 /* funcPointer.swift */ = {isa = PBXFileReference; lastKnownFileType = sourcecode.swift; path = funcPointer.swift; sourceTree = "<group>"; };
		4AB8093C28557EE800C772D1 /* BudgetContentView.swift */ = {isa = PBXFileReference; fileEncoding = 4; lastKnownFileType = sourcecode.swift; path = BudgetContentView.swift; sourceTree = "<group>"; };
		4AB8093D28557EE800C772D1 /* TargetContentView.swift */ = {isa = PBXFileReference; fileEncoding = 4; lastKnownFileType = sourcecode.swift; path = TargetContentView.swift; sourceTree = "<group>"; };
		4AB8093F28557EE800C772D1 /* MainTitleView.swift */ = {isa = PBXFileReference; fileEncoding = 4; lastKnownFileType = sourcecode.swift; path = MainTitleView.swift; sourceTree = "<group>"; };
		4AB809472855E88B00C772D1 /* MainView.swift */ = {isa = PBXFileReference; fileEncoding = 4; lastKnownFileType = sourcecode.swift; path = MainView.swift; sourceTree = "<group>"; };
		4AB809492855E8A200C772D1 /* SettingView.swift */ = {isa = PBXFileReference; fileEncoding = 4; lastKnownFileType = sourcecode.swift; path = SettingView.swift; sourceTree = "<group>"; };
		4AEB76012852F32000EC85B9 /* Moasa.app */ = {isa = PBXFileReference; explicitFileType = wrapper.application; includeInIndex = 0; path = Moasa.app; sourceTree = BUILT_PRODUCTS_DIR; };
		4AEB76042852F32000EC85B9 /* MoasaApp.swift */ = {isa = PBXFileReference; lastKnownFileType = sourcecode.swift; path = MoasaApp.swift; sourceTree = "<group>"; };
		4AEB76082852F32100EC85B9 /* Assets.xcassets */ = {isa = PBXFileReference; lastKnownFileType = folder.assetcatalog; path = Assets.xcassets; sourceTree = "<group>"; };
		4AEB760B2852F32100EC85B9 /* Preview Assets.xcassets */ = {isa = PBXFileReference; lastKnownFileType = folder.assetcatalog; path = "Preview Assets.xcassets"; sourceTree = "<group>"; };
		4AEB76182852F39500EC85B9 /* .swiftlint.yml */ = {isa = PBXFileReference; lastKnownFileType = text.yaml; path = .swiftlint.yml; sourceTree = "<group>"; };
		7B1B206D285AD4ED00262552 /* CycleEndView.swift */ = {isa = PBXFileReference; lastKnownFileType = sourcecode.swift; path = CycleEndView.swift; sourceTree = "<group>"; };
		9803A34D2858A7B200EE4B0A /* NewInitSettingView.swift */ = {isa = PBXFileReference; lastKnownFileType = sourcecode.swift; path = NewInitSettingView.swift; sourceTree = "<group>"; };
		9803A34F2858ACD200EE4B0A /* ConsumedLimitView.swift */ = {isa = PBXFileReference; lastKnownFileType = sourcecode.swift; path = ConsumedLimitView.swift; sourceTree = "<group>"; };
		9871F1B82855C7310077B058 /* ImagePicker.swift */ = {isa = PBXFileReference; fileEncoding = 4; lastKnownFileType = sourcecode.swift; path = ImagePicker.swift; sourceTree = "<group>"; };
		CF3A011D28575C7B002A2C80 /* SearchBarView.swift */ = {isa = PBXFileReference; lastKnownFileType = sourcecode.swift; path = SearchBarView.swift; sourceTree = "<group>"; };
		CF4697B7285C47C100E297CE /* addDate.swift */ = {isa = PBXFileReference; fileEncoding = 4; lastKnownFileType = sourcecode.swift; path = addDate.swift; sourceTree = "<group>"; };
		CF4697B9285C4BBD00E297CE /* DetailPriceListView.swift */ = {isa = PBXFileReference; fileEncoding = 4; lastKnownFileType = sourcecode.swift; path = DetailPriceListView.swift; sourceTree = "<group>"; };
		CF53EAF8285C59CB00EBB907 /* DetailNothing.swift */ = {isa = PBXFileReference; lastKnownFileType = sourcecode.swift; path = DetailNothing.swift; sourceTree = "<group>"; };
		CF5FF4D02856CC18004FB062 /* DetailBlockDateView.swift */ = {isa = PBXFileReference; fileEncoding = 4; lastKnownFileType = sourcecode.swift; path = DetailBlockDateView.swift; sourceTree = "<group>"; };
		CF5FF4D22856CC23004FB062 /* DetailListView.swift */ = {isa = PBXFileReference; fileEncoding = 4; lastKnownFileType = sourcecode.swift; path = DetailListView.swift; sourceTree = "<group>"; };
		CF5FF4D42856CC2A004FB062 /* DetailView.swift */ = {isa = PBXFileReference; fileEncoding = 4; lastKnownFileType = sourcecode.swift; path = DetailView.swift; sourceTree = "<group>"; };
		CF5FF4D82856CC3B004FB062 /* CircleWaveView.swift */ = {isa = PBXFileReference; fileEncoding = 4; lastKnownFileType = sourcecode.swift; path = CircleWaveView.swift; sourceTree = "<group>"; };
		CF5FF4DA2856CC4F004FB062 /* dateFormatter.swift */ = {isa = PBXFileReference; fileEncoding = 4; lastKnownFileType = sourcecode.swift; path = dateFormatter.swift; sourceTree = "<group>"; };
		CFFCDA44285D967100DDF7D6 /* InputDetail */ = {isa = PBXFileReference; lastKnownFileType = folder; path = InputDetail; sourceTree = "<group>"; };
		DF65DD3F28546AEC00435F9E /* ChangeSettingDetailView.swift */ = {isa = PBXFileReference; lastKnownFileType = sourcecode.swift; path = ChangeSettingDetailView.swift; sourceTree = "<group>"; };
		DF65DD412854966D00435F9E /* InitiateTargetSettingDetailView.swift */ = {isa = PBXFileReference; lastKnownFileType = sourcecode.swift; path = InitiateTargetSettingDetailView.swift; sourceTree = "<group>"; };
		DF65DD432854A7FB00435F9E /* CategorySettingDetailView.swift */ = {isa = PBXFileReference; lastKnownFileType = sourcecode.swift; path = CategorySettingDetailView.swift; sourceTree = "<group>"; };
/* End PBXFileReference section */

/* Begin PBXFrameworksBuildPhase section */
		4AEB75FE2852F32000EC85B9 /* Frameworks */ = {
			isa = PBXFrameworksBuildPhase;
			buildActionMask = 2147483647;
			files = (
				4A67A1D4285AD44400B4F56F /* HalfASheet in Frameworks */,
			);
			runOnlyForDeploymentPostprocessing = 0;
		};
/* End PBXFrameworksBuildPhase section */

/* Begin PBXGroup section */
		4A3640EB2856B8940032A90A /* Extension */ = {
			isa = PBXGroup;
			children = (
				4A3640EC2856B8A40032A90A /* Color+Extension.swift */,
				4A3641392856E2200032A90A /* Keyboard+Extension.swift */,
				4A36413B2856E2320032A90A /* Number+Extension.swift */,
				4A040FEE2857593000DA507E /* Date+Extension.swift */,
			);
			path = Extension;
			sourceTree = "<group>";
		};
		4A3640EE2856B9E70032A90A /* Utility */ = {
			isa = PBXGroup;
			children = (
				CF4697B7285C47C100E297CE /* addDate.swift */,
				4A67A1D9285B0FA500B4F56F /* getPercentInt.swift */,
				9871F1B82855C7310077B058 /* ImagePicker.swift */,
				CF5FF4DA2856CC4F004FB062 /* dateFormatter.swift */,
				4A8C5241285852C4007CE4F1 /* funcPointer.swift */,
				4A67A1CC285AC06400B4F56F /* getDocumentDirectory.swift */,
				4A67A1D7285AE20000B4F56F /* getIcon.swift */,
			);
			path = Utility;
			sourceTree = "<group>";
		};
		4A3640EF2856B9F30032A90A /* InitSetting */ = {
			isa = PBXGroup;
			children = (
				9803A34D2858A7B200EE4B0A /* NewInitSettingView.swift */,
				9803A34F2858ACD200EE4B0A /* ConsumedLimitView.swift */,
			);
			path = InitSetting;
			sourceTree = "<group>";
		};
		4A69108028530ABF001BD21B /* Model */ = {
			isa = PBXGroup;
			children = (
				4A67A1C1285AB92D00B4F56F /* ConsumedItem.swift */,
				4A67A1C3285ABA1500B4F56F /* ConsumedCategory.swift */,
				4A67A1C5285ABAD000B4F56F /* TargetItem.swift */,
				4A67A1CA285ABEF900B4F56F /* Items.swift */,
			);
			path = Model;
			sourceTree = "<group>";
		};
		4A69108128530AFF001BD21B /* View */ = {
			isa = PBXGroup;
			children = (
				CFFCDA44285D967100DDF7D6 /* InputDetail */,
				CF5FF4CF2856CBD9004FB062 /* DetailView */,
				4A3640EF2856B9F30032A90A /* InitSetting */,
				4AB809452855E4DD00C772D1 /* Main */,
				4AB809462855E4F400C772D1 /* Setting */,
				7B1B206D285AD4ED00262552 /* CycleEndView.swift */,
			);
			path = View;
			sourceTree = "<group>";
		};
		4AB809452855E4DD00C772D1 /* Main */ = {
			isa = PBXGroup;
			children = (
				4AB809472855E88B00C772D1 /* MainView.swift */,
				4AB8093C28557EE800C772D1 /* BudgetContentView.swift */,
				4AB8093D28557EE800C772D1 /* TargetContentView.swift */,
				4AB8093F28557EE800C772D1 /* MainTitleView.swift */,
			);
			path = Main;
			sourceTree = "<group>";
		};
		4AB809462855E4F400C772D1 /* Setting */ = {
			isa = PBXGroup;
			children = (
				4AB809492855E8A200C772D1 /* SettingView.swift */,
				DF65DD3F28546AEC00435F9E /* ChangeSettingDetailView.swift */,
				DF65DD432854A7FB00435F9E /* CategorySettingDetailView.swift */,
				DF65DD412854966D00435F9E /* InitiateTargetSettingDetailView.swift */,
			);
			path = Setting;
			sourceTree = "<group>";
		};
		4AEB75F82852F32000EC85B9 = {
			isa = PBXGroup;
			children = (
				4AEB76182852F39500EC85B9 /* .swiftlint.yml */,
				4AEB76032852F32000EC85B9 /* Moasa */,
				4AEB76022852F32000EC85B9 /* Products */,
			);
			sourceTree = "<group>";
		};
		4AEB76022852F32000EC85B9 /* Products */ = {
			isa = PBXGroup;
			children = (
				4AEB76012852F32000EC85B9 /* Moasa.app */,
			);
			name = Products;
			sourceTree = "<group>";
		};
		4AEB76032852F32000EC85B9 /* Moasa */ = {
			isa = PBXGroup;
			children = (
				4A3640EB2856B8940032A90A /* Extension */,
				4A3640EE2856B9E70032A90A /* Utility */,
				4AEB76082852F32100EC85B9 /* Assets.xcassets */,
				4AEB76042852F32000EC85B9 /* MoasaApp.swift */,
				4A69108128530AFF001BD21B /* View */,
				4A69108028530ABF001BD21B /* Model */,
				4AEB760A2852F32100EC85B9 /* Preview Content */,
			);
			path = Moasa;
			sourceTree = "<group>";
		};
		4AEB760A2852F32100EC85B9 /* Preview Content */ = {
			isa = PBXGroup;
			children = (
				4AEB760B2852F32100EC85B9 /* Preview Assets.xcassets */,
			);
			path = "Preview Content";
			sourceTree = "<group>";
		};
		CF5FF4CF2856CBD9004FB062 /* DetailView */ = {
			isa = PBXGroup;
			children = (
				CF4697B9285C4BBD00E297CE /* DetailPriceListView.swift */,
				CF5FF4D02856CC18004FB062 /* DetailBlockDateView.swift */,
				CF5FF4D22856CC23004FB062 /* DetailListView.swift */,
				CF5FF4D42856CC2A004FB062 /* DetailView.swift */,
				CF5FF4D82856CC3B004FB062 /* CircleWaveView.swift */,
				CF3A011D28575C7B002A2C80 /* SearchBarView.swift */,
				CF53EAF8285C59CB00EBB907 /* DetailNothing.swift */,
			);
			path = DetailView;
			sourceTree = "<group>";
		};
/* End PBXGroup section */

/* Begin PBXNativeTarget section */
		4AEB76002852F32000EC85B9 /* Moasa */ = {
			isa = PBXNativeTarget;
			buildConfigurationList = 4AEB76142852F32100EC85B9 /* Build configuration list for PBXNativeTarget "Moasa" */;
			buildPhases = (
				4AEB75FD2852F32000EC85B9 /* Sources */,
				4AEB75FE2852F32000EC85B9 /* Frameworks */,
				4AEB75FF2852F32000EC85B9 /* Resources */,
				4AEB76172852F35E00EC85B9 /* ShellScript */,
			);
			buildRules = (
			);
			dependencies = (
			);
			name = Moasa;
			packageProductDependencies = (
				4A67A1D3285AD44400B4F56F /* HalfASheet */,
			);
			productName = Moasa;
			productReference = 4AEB76012852F32000EC85B9 /* Moasa.app */;
			productType = "com.apple.product-type.application";
		};
/* End PBXNativeTarget section */

/* Begin PBXProject section */
		4AEB75F92852F32000EC85B9 /* Project object */ = {
			isa = PBXProject;
			attributes = {
				BuildIndependentTargetsInParallel = 1;
				LastSwiftUpdateCheck = 1340;
				LastUpgradeCheck = 1340;
				TargetAttributes = {
					4AEB76002852F32000EC85B9 = {
						CreatedOnToolsVersion = 13.4.1;
					};
				};
			};
			buildConfigurationList = 4AEB75FC2852F32000EC85B9 /* Build configuration list for PBXProject "Moasa" */;
			compatibilityVersion = "Xcode 13.0";
			developmentRegion = en;
			hasScannedForEncodings = 0;
			knownRegions = (
				en,
				Base,
			);
			mainGroup = 4AEB75F82852F32000EC85B9;
			packageReferences = (
				4A67A1D2285AD44400B4F56F /* XCRemoteSwiftPackageReference "HalfASheet" */,
			);
			productRefGroup = 4AEB76022852F32000EC85B9 /* Products */;
			projectDirPath = "";
			projectRoot = "";
			targets = (
				4AEB76002852F32000EC85B9 /* Moasa */,
			);
		};
/* End PBXProject section */

/* Begin PBXResourcesBuildPhase section */
		4AEB75FF2852F32000EC85B9 /* Resources */ = {
			isa = PBXResourcesBuildPhase;
			buildActionMask = 2147483647;
			files = (
				4AEB76192852F39500EC85B9 /* .swiftlint.yml in Resources */,
				4AEB760C2852F32100EC85B9 /* Preview Assets.xcassets in Resources */,
				CFFCDA45285D967100DDF7D6 /* InputDetail in Resources */,
				4AEB76092852F32100EC85B9 /* Assets.xcassets in Resources */,
			);
			runOnlyForDeploymentPostprocessing = 0;
		};
/* End PBXResourcesBuildPhase section */

/* Begin PBXShellScriptBuildPhase section */
		4AEB76172852F35E00EC85B9 /* ShellScript */ = {
			isa = PBXShellScriptBuildPhase;
			buildActionMask = 2147483647;
			files = (
			);
			inputFileListPaths = (
			);
			inputPaths = (
			);
			outputFileListPaths = (
			);
			outputPaths = (
			);
			runOnlyForDeploymentPostprocessing = 0;
			shellPath = /bin/sh;
			shellScript = "export PATH=\"$PATH:/opt/homebrew/bin\"\nif which swiftlint > /dev/null; then\n  swiftlint\nelse\n  echo \"warning: SwiftLint not installed, download from https://github.com/realm/SwiftLint\"\nfi\n";
		};
/* End PBXShellScriptBuildPhase section */

/* Begin PBXSourcesBuildPhase section */
		4AEB75FD2852F32000EC85B9 /* Sources */ = {
			isa = PBXSourcesBuildPhase;
			buildActionMask = 2147483647;
			files = (
				CF5FF4D32856CC23004FB062 /* DetailListView.swift in Sources */,
				4A67A1C6285ABAD000B4F56F /* TargetItem.swift in Sources */,
				4A8C5242285852C4007CE4F1 /* funcPointer.swift in Sources */,
				CF4697B8285C47C100E297CE /* addDate.swift in Sources */,
				9803A34E2858A7B200EE4B0A /* NewInitSettingView.swift in Sources */,
				CF5FF4D32856CC23004FB062 /* DetailListView.swift in Sources */,
				CF4697BA285C4BBD00E297CE /* DetailPriceListView.swift in Sources */,
				4A67A1DA285B0FA500B4F56F /* getPercentInt.swift in Sources */,
				9871F1B92855C7310077B058 /* ImagePicker.swift in Sources */,
				4A3640ED2856B8A40032A90A /* Color+Extension.swift in Sources */,
				4A36413C2856E2320032A90A /* Number+Extension.swift in Sources */,
				4AEB76052852F32000EC85B9 /* MoasaApp.swift in Sources */,
				9803A3502858ACD200EE4B0A /* ConsumedLimitView.swift in Sources */,
				4AB8094A2855E8A200C772D1 /* SettingView.swift in Sources */,
				4A67A1D8285AE20000B4F56F /* getIcon.swift in Sources */,
				CF5FF4DB2856CC4F004FB062 /* dateFormatter.swift in Sources */,
				4A67A1C2285AB92D00B4F56F /* ConsumedItem.swift in Sources */,
				CF5FF4D52856CC2A004FB062 /* DetailView.swift in Sources */,
				CF3A011E28575C7B002A2C80 /* SearchBarView.swift in Sources */,
				4AB8094328557EE800C772D1 /* MainTitleView.swift in Sources */,
				4A040FEF2857593000DA507E /* Date+Extension.swift in Sources */,
				DF65DD422854966D00435F9E /* InitiateTargetSettingDetailView.swift in Sources */,
				CF5FF4D92856CC3B004FB062 /* CircleWaveView.swift in Sources */,
				4AB8094028557EE800C772D1 /* BudgetContentView.swift in Sources */,
				DF65DD442854A7FB00435F9E /* CategorySettingDetailView.swift in Sources */,
				7B1B206E285AD4ED00262552 /* CycleEndView.swift in Sources */,
				4AEB76052852F32000EC85B9 /* MoasaApp.swift in Sources */,
				4A67A1C4285ABA1500B4F56F /* ConsumedCategory.swift in Sources */,
				4A67A1CB285ABEF900B4F56F /* Items.swift in Sources */,
				DF65DD4028546AEC00435F9E /* ChangeSettingDetailView.swift in Sources */,
				4A36413A2856E2200032A90A /* Keyboard+Extension.swift in Sources */,
				4AEB76112852F32100EC85B9 /* (null) in Sources */,
				4AEB76112852F32100EC85B9 /* (null) in Sources */,
				CF5FF4D12856CC18004FB062 /* DetailBlockDateView.swift in Sources */,
				4AB809482855E88C00C772D1 /* MainView.swift in Sources */,
				4AB8094128557EE800C772D1 /* TargetContentView.swift in Sources */,
				CF53EAF9285C59CB00EBB907 /* DetailNothing.swift in Sources */,
				4A67A1CD285AC06400B4F56F /* getDocumentDirectory.swift in Sources */,
			);
			runOnlyForDeploymentPostprocessing = 0;
		};
/* End PBXSourcesBuildPhase section */

/* Begin XCBuildConfiguration section */
		4AEB76122852F32100EC85B9 /* Debug */ = {
			isa = XCBuildConfiguration;
			buildSettings = {
				ALWAYS_SEARCH_USER_PATHS = NO;
				CLANG_ANALYZER_NONNULL = YES;
				CLANG_ANALYZER_NUMBER_OBJECT_CONVERSION = YES_AGGRESSIVE;
				CLANG_CXX_LANGUAGE_STANDARD = "gnu++17";
				CLANG_ENABLE_MODULES = YES;
				CLANG_ENABLE_OBJC_ARC = YES;
				CLANG_ENABLE_OBJC_WEAK = YES;
				CLANG_WARN_BLOCK_CAPTURE_AUTORELEASING = YES;
				CLANG_WARN_BOOL_CONVERSION = YES;
				CLANG_WARN_COMMA = YES;
				CLANG_WARN_CONSTANT_CONVERSION = YES;
				CLANG_WARN_DEPRECATED_OBJC_IMPLEMENTATIONS = YES;
				CLANG_WARN_DIRECT_OBJC_ISA_USAGE = YES_ERROR;
				CLANG_WARN_DOCUMENTATION_COMMENTS = YES;
				CLANG_WARN_EMPTY_BODY = YES;
				CLANG_WARN_ENUM_CONVERSION = YES;
				CLANG_WARN_INFINITE_RECURSION = YES;
				CLANG_WARN_INT_CONVERSION = YES;
				CLANG_WARN_NON_LITERAL_NULL_CONVERSION = YES;
				CLANG_WARN_OBJC_IMPLICIT_RETAIN_SELF = YES;
				CLANG_WARN_OBJC_LITERAL_CONVERSION = YES;
				CLANG_WARN_OBJC_ROOT_CLASS = YES_ERROR;
				CLANG_WARN_QUOTED_INCLUDE_IN_FRAMEWORK_HEADER = YES;
				CLANG_WARN_RANGE_LOOP_ANALYSIS = YES;
				CLANG_WARN_STRICT_PROTOTYPES = YES;
				CLANG_WARN_SUSPICIOUS_MOVE = YES;
				CLANG_WARN_UNGUARDED_AVAILABILITY = YES_AGGRESSIVE;
				CLANG_WARN_UNREACHABLE_CODE = YES;
				CLANG_WARN__DUPLICATE_METHOD_MATCH = YES;
				COPY_PHASE_STRIP = NO;
				DEBUG_INFORMATION_FORMAT = dwarf;
				ENABLE_STRICT_OBJC_MSGSEND = YES;
				ENABLE_TESTABILITY = YES;
				GCC_C_LANGUAGE_STANDARD = gnu11;
				GCC_DYNAMIC_NO_PIC = NO;
				GCC_NO_COMMON_BLOCKS = YES;
				GCC_OPTIMIZATION_LEVEL = 0;
				GCC_PREPROCESSOR_DEFINITIONS = (
					"DEBUG=1",
					"$(inherited)",
				);
				GCC_WARN_64_TO_32_BIT_CONVERSION = YES;
				GCC_WARN_ABOUT_RETURN_TYPE = YES_ERROR;
				GCC_WARN_UNDECLARED_SELECTOR = YES;
				GCC_WARN_UNINITIALIZED_AUTOS = YES_AGGRESSIVE;
				GCC_WARN_UNUSED_FUNCTION = YES;
				GCC_WARN_UNUSED_VARIABLE = YES;
				IPHONEOS_DEPLOYMENT_TARGET = 15.5;
				MTL_ENABLE_DEBUG_INFO = INCLUDE_SOURCE;
				MTL_FAST_MATH = YES;
				ONLY_ACTIVE_ARCH = YES;
				SDKROOT = iphoneos;
				SWIFT_ACTIVE_COMPILATION_CONDITIONS = DEBUG;
				SWIFT_OPTIMIZATION_LEVEL = "-Onone";
			};
			name = Debug;
		};
		4AEB76132852F32100EC85B9 /* Release */ = {
			isa = XCBuildConfiguration;
			buildSettings = {
				ALWAYS_SEARCH_USER_PATHS = NO;
				CLANG_ANALYZER_NONNULL = YES;
				CLANG_ANALYZER_NUMBER_OBJECT_CONVERSION = YES_AGGRESSIVE;
				CLANG_CXX_LANGUAGE_STANDARD = "gnu++17";
				CLANG_ENABLE_MODULES = YES;
				CLANG_ENABLE_OBJC_ARC = YES;
				CLANG_ENABLE_OBJC_WEAK = YES;
				CLANG_WARN_BLOCK_CAPTURE_AUTORELEASING = YES;
				CLANG_WARN_BOOL_CONVERSION = YES;
				CLANG_WARN_COMMA = YES;
				CLANG_WARN_CONSTANT_CONVERSION = YES;
				CLANG_WARN_DEPRECATED_OBJC_IMPLEMENTATIONS = YES;
				CLANG_WARN_DIRECT_OBJC_ISA_USAGE = YES_ERROR;
				CLANG_WARN_DOCUMENTATION_COMMENTS = YES;
				CLANG_WARN_EMPTY_BODY = YES;
				CLANG_WARN_ENUM_CONVERSION = YES;
				CLANG_WARN_INFINITE_RECURSION = YES;
				CLANG_WARN_INT_CONVERSION = YES;
				CLANG_WARN_NON_LITERAL_NULL_CONVERSION = YES;
				CLANG_WARN_OBJC_IMPLICIT_RETAIN_SELF = YES;
				CLANG_WARN_OBJC_LITERAL_CONVERSION = YES;
				CLANG_WARN_OBJC_ROOT_CLASS = YES_ERROR;
				CLANG_WARN_QUOTED_INCLUDE_IN_FRAMEWORK_HEADER = YES;
				CLANG_WARN_RANGE_LOOP_ANALYSIS = YES;
				CLANG_WARN_STRICT_PROTOTYPES = YES;
				CLANG_WARN_SUSPICIOUS_MOVE = YES;
				CLANG_WARN_UNGUARDED_AVAILABILITY = YES_AGGRESSIVE;
				CLANG_WARN_UNREACHABLE_CODE = YES;
				CLANG_WARN__DUPLICATE_METHOD_MATCH = YES;
				COPY_PHASE_STRIP = NO;
				DEBUG_INFORMATION_FORMAT = "dwarf-with-dsym";
				ENABLE_NS_ASSERTIONS = NO;
				ENABLE_STRICT_OBJC_MSGSEND = YES;
				GCC_C_LANGUAGE_STANDARD = gnu11;
				GCC_NO_COMMON_BLOCKS = YES;
				GCC_WARN_64_TO_32_BIT_CONVERSION = YES;
				GCC_WARN_ABOUT_RETURN_TYPE = YES_ERROR;
				GCC_WARN_UNDECLARED_SELECTOR = YES;
				GCC_WARN_UNINITIALIZED_AUTOS = YES_AGGRESSIVE;
				GCC_WARN_UNUSED_FUNCTION = YES;
				GCC_WARN_UNUSED_VARIABLE = YES;
				IPHONEOS_DEPLOYMENT_TARGET = 15.5;
				MTL_ENABLE_DEBUG_INFO = NO;
				MTL_FAST_MATH = YES;
				SDKROOT = iphoneos;
				SWIFT_COMPILATION_MODE = wholemodule;
				SWIFT_OPTIMIZATION_LEVEL = "-O";
				VALIDATE_PRODUCT = YES;
			};
			name = Release;
		};
		4AEB76152852F32100EC85B9 /* Debug */ = {
			isa = XCBuildConfiguration;
			buildSettings = {
				ASSETCATALOG_COMPILER_APPICON_NAME = AppIcon;
				ASSETCATALOG_COMPILER_GLOBAL_ACCENT_COLOR_NAME = AccentColor;
				CODE_SIGN_STYLE = Automatic;
				CURRENT_PROJECT_VERSION = 1;
				DEVELOPMENT_ASSET_PATHS = "\"Moasa/Preview Content\"";
				ENABLE_PREVIEWS = YES;
				GENERATE_INFOPLIST_FILE = YES;
				INFOPLIST_KEY_UIApplicationSceneManifest_Generation = YES;
				INFOPLIST_KEY_UIApplicationSupportsIndirectInputEvents = YES;
				INFOPLIST_KEY_UILaunchScreen_Generation = YES;
				INFOPLIST_KEY_UISupportedInterfaceOrientations_iPad = "UIInterfaceOrientationPortrait UIInterfaceOrientationPortraitUpsideDown UIInterfaceOrientationLandscapeLeft UIInterfaceOrientationLandscapeRight";
				INFOPLIST_KEY_UISupportedInterfaceOrientations_iPhone = "UIInterfaceOrientationPortrait UIInterfaceOrientationLandscapeLeft UIInterfaceOrientationLandscapeRight";
				IPHONEOS_DEPLOYMENT_TARGET = 15.5;
				LD_RUNPATH_SEARCH_PATHS = (
					"$(inherited)",
					"@executable_path/Frameworks",
				);
				MARKETING_VERSION = 1.0;
				PRODUCT_BUNDLE_IDENTIFIER = NEW2KM.Moasa;
				PRODUCT_NAME = "$(TARGET_NAME)";
				SWIFT_EMIT_LOC_STRINGS = YES;
				SWIFT_VERSION = 5.0;
				TARGETED_DEVICE_FAMILY = "1,2";
			};
			name = Debug;
		};
		4AEB76162852F32100EC85B9 /* Release */ = {
			isa = XCBuildConfiguration;
			buildSettings = {
				ASSETCATALOG_COMPILER_APPICON_NAME = AppIcon;
				ASSETCATALOG_COMPILER_GLOBAL_ACCENT_COLOR_NAME = AccentColor;
				CODE_SIGN_STYLE = Automatic;
				CURRENT_PROJECT_VERSION = 1;
				DEVELOPMENT_ASSET_PATHS = "\"Moasa/Preview Content\"";
				ENABLE_PREVIEWS = YES;
				GENERATE_INFOPLIST_FILE = YES;
				INFOPLIST_KEY_UIApplicationSceneManifest_Generation = YES;
				INFOPLIST_KEY_UIApplicationSupportsIndirectInputEvents = YES;
				INFOPLIST_KEY_UILaunchScreen_Generation = YES;
				INFOPLIST_KEY_UISupportedInterfaceOrientations_iPad = "UIInterfaceOrientationPortrait UIInterfaceOrientationPortraitUpsideDown UIInterfaceOrientationLandscapeLeft UIInterfaceOrientationLandscapeRight";
				INFOPLIST_KEY_UISupportedInterfaceOrientations_iPhone = "UIInterfaceOrientationPortrait UIInterfaceOrientationLandscapeLeft UIInterfaceOrientationLandscapeRight";
				IPHONEOS_DEPLOYMENT_TARGET = 15.5;
				LD_RUNPATH_SEARCH_PATHS = (
					"$(inherited)",
					"@executable_path/Frameworks",
				);
				MARKETING_VERSION = 1.0;
				PRODUCT_BUNDLE_IDENTIFIER = NEW2KM.Moasa;
				PRODUCT_NAME = "$(TARGET_NAME)";
				SWIFT_EMIT_LOC_STRINGS = YES;
				SWIFT_VERSION = 5.0;
				TARGETED_DEVICE_FAMILY = "1,2";
			};
			name = Release;
		};
/* End XCBuildConfiguration section */

/* Begin XCConfigurationList section */
		4AEB75FC2852F32000EC85B9 /* Build configuration list for PBXProject "Moasa" */ = {
			isa = XCConfigurationList;
			buildConfigurations = (
				4AEB76122852F32100EC85B9 /* Debug */,
				4AEB76132852F32100EC85B9 /* Release */,
			);
			defaultConfigurationIsVisible = 0;
			defaultConfigurationName = Release;
		};
		4AEB76142852F32100EC85B9 /* Build configuration list for PBXNativeTarget "Moasa" */ = {
			isa = XCConfigurationList;
			buildConfigurations = (
				4AEB76152852F32100EC85B9 /* Debug */,
				4AEB76162852F32100EC85B9 /* Release */,
			);
			defaultConfigurationIsVisible = 0;
			defaultConfigurationName = Release;
		};
/* End XCConfigurationList section */

/* Begin XCRemoteSwiftPackageReference section */
		4A67A1D2285AD44400B4F56F /* XCRemoteSwiftPackageReference "HalfASheet" */ = {
			isa = XCRemoteSwiftPackageReference;
			repositoryURL = "https://github.com/franklynw/HalfASheet";
			requirement = {
				kind = upToNextMajorVersion;
				minimumVersion = 1.0.0;
			};
		};
/* End XCRemoteSwiftPackageReference section */

/* Begin XCSwiftPackageProductDependency section */
		4A67A1D3285AD44400B4F56F /* HalfASheet */ = {
			isa = XCSwiftPackageProductDependency;
			package = 4A67A1D2285AD44400B4F56F /* XCRemoteSwiftPackageReference "HalfASheet" */;
			productName = HalfASheet;
		};
/* End XCSwiftPackageProductDependency section */
	};
	rootObject = 4AEB75F92852F32000EC85B9 /* Project object */;
}
